// !$*UTF8*$!
{
	archiveVersion = 1;
	classes = {
	};
	objectVersion = 52;
	objects = {

/* Begin PBXBuildFile section */
		4F5E03C225AD455C00113186 /* track.mp3 in Resources */ = {isa = PBXBuildFile; fileRef = 4F5E03C125AD455C00113186 /* track.mp3 */; };
		4F98701A25A3C1BF0057E779 /* FFTViewWrapper.swift in Sources */ = {isa = PBXBuildFile; fileRef = 4F98701925A3C1BF0057E779 /* FFTViewWrapper.swift */; };
		4FA1F0CA25A26AA300EE1C00 /* AudioKitUI in Frameworks */ = {isa = PBXBuildFile; productRef = 4FA1F0C925A26AA300EE1C00 /* AudioKitUI */; };
		4FD1E429259BFEF20024E8C8 /* VisualizerPlaygroundApp.swift in Sources */ = {isa = PBXBuildFile; fileRef = 4FD1E428259BFEF20024E8C8 /* VisualizerPlaygroundApp.swift */; };
		4FD1E42B259BFEF20024E8C8 /* ContentView.swift in Sources */ = {isa = PBXBuildFile; fileRef = 4FD1E42A259BFEF20024E8C8 /* ContentView.swift */; };
		4FD1E42D259BFEF30024E8C8 /* Assets.xcassets in Resources */ = {isa = PBXBuildFile; fileRef = 4FD1E42C259BFEF30024E8C8 /* Assets.xcassets */; };
		4FD1E430259BFEF30024E8C8 /* Preview Assets.xcassets in Resources */ = {isa = PBXBuildFile; fileRef = 4FD1E42F259BFEF30024E8C8 /* Preview Assets.xcassets */; };
		4FD1E43D259BFF3E0024E8C8 /* myFFTView.swift in Sources */ = {isa = PBXBuildFile; fileRef = 4FD1E43C259BFF3E0024E8C8 /* myFFTView.swift */; };
		4FD1E440259C03700024E8C8 /* Conductor.swift in Sources */ = {isa = PBXBuildFile; fileRef = 4FD1E43F259C03700024E8C8 /* Conductor.swift */; };
		4FEDB5DF25A128F700755BE5 /* SpectrumView.swift in Sources */ = {isa = PBXBuildFile; fileRef = 4FEDB5DE25A128F700755BE5 /* SpectrumView.swift */; };
		4FEDB5E725A2394100755BE5 /* AudioKit in Frameworks */ = {isa = PBXBuildFile; productRef = 4FEDB5E625A2394100755BE5 /* AudioKit */; };
/* End PBXBuildFile section */

/* Begin PBXFileReference section */
		4F5E03C125AD455C00113186 /* track.mp3 */ = {isa = PBXFileReference; lastKnownFileType = audio.mp3; path = track.mp3; sourceTree = "<group>"; };
		4F98701925A3C1BF0057E779 /* FFTViewWrapper.swift */ = {isa = PBXFileReference; lastKnownFileType = sourcecode.swift; path = FFTViewWrapper.swift; sourceTree = "<group>"; };
		4FD1E425259BFEF20024E8C8 /* VisualizerPlayground.app */ = {isa = PBXFileReference; explicitFileType = wrapper.application; includeInIndex = 0; path = VisualizerPlayground.app; sourceTree = BUILT_PRODUCTS_DIR; };
		4FD1E428259BFEF20024E8C8 /* VisualizerPlaygroundApp.swift */ = {isa = PBXFileReference; lastKnownFileType = sourcecode.swift; path = VisualizerPlaygroundApp.swift; sourceTree = "<group>"; };
		4FD1E42A259BFEF20024E8C8 /* ContentView.swift */ = {isa = PBXFileReference; lastKnownFileType = sourcecode.swift; path = ContentView.swift; sourceTree = "<group>"; };
		4FD1E42C259BFEF30024E8C8 /* Assets.xcassets */ = {isa = PBXFileReference; lastKnownFileType = folder.assetcatalog; path = Assets.xcassets; sourceTree = "<group>"; };
		4FD1E42F259BFEF30024E8C8 /* Preview Assets.xcassets */ = {isa = PBXFileReference; lastKnownFileType = folder.assetcatalog; path = "Preview Assets.xcassets"; sourceTree = "<group>"; };
		4FD1E431259BFEF30024E8C8 /* Info.plist */ = {isa = PBXFileReference; lastKnownFileType = text.plist.xml; path = Info.plist; sourceTree = "<group>"; };
		4FD1E43C259BFF3E0024E8C8 /* myFFTView.swift */ = {isa = PBXFileReference; lastKnownFileType = sourcecode.swift; path = myFFTView.swift; sourceTree = "<group>"; };
		4FD1E43F259C03700024E8C8 /* Conductor.swift */ = {isa = PBXFileReference; lastKnownFileType = sourcecode.swift; path = Conductor.swift; sourceTree = "<group>"; };
		4FEDB5DE25A128F700755BE5 /* SpectrumView.swift */ = {isa = PBXFileReference; lastKnownFileType = sourcecode.swift; path = SpectrumView.swift; sourceTree = "<group>"; };
/* End PBXFileReference section */

/* Begin PBXFrameworksBuildPhase section */
		4FD1E422259BFEF20024E8C8 /* Frameworks */ = {
			isa = PBXFrameworksBuildPhase;
			buildActionMask = 2147483647;
			files = (
				4FA1F0CA25A26AA300EE1C00 /* AudioKitUI in Frameworks */,
				4FEDB5E725A2394100755BE5 /* AudioKit in Frameworks */,
			);
			runOnlyForDeploymentPostprocessing = 0;
		};
/* End PBXFrameworksBuildPhase section */

/* Begin PBXGroup section */
		4FD1E41C259BFEF20024E8C8 = {
			isa = PBXGroup;
			children = (
				4FD1E427259BFEF20024E8C8 /* VisualizerPlayground */,
				4FD1E426259BFEF20024E8C8 /* Products */,
			);
			sourceTree = "<group>";
		};
		4FD1E426259BFEF20024E8C8 /* Products */ = {
			isa = PBXGroup;
			children = (
				4FD1E425259BFEF20024E8C8 /* VisualizerPlayground.app */,
			);
			name = Products;
			sourceTree = "<group>";
		};
		4FD1E427259BFEF20024E8C8 /* VisualizerPlayground */ = {
			isa = PBXGroup;
			children = (
				4F5E03C125AD455C00113186 /* track.mp3 */,
				4FD1E428259BFEF20024E8C8 /* VisualizerPlaygroundApp.swift */,
				4FD1E43F259C03700024E8C8 /* Conductor.swift */,
				4FD1E42A259BFEF20024E8C8 /* ContentView.swift */,
				4FD1E43C259BFF3E0024E8C8 /* myFFTView.swift */,
				4F98701925A3C1BF0057E779 /* FFTViewWrapper.swift */,
				4FEDB5DE25A128F700755BE5 /* SpectrumView.swift */,
				4FD1E42C259BFEF30024E8C8 /* Assets.xcassets */,
				4FD1E431259BFEF30024E8C8 /* Info.plist */,
				4FD1E42E259BFEF30024E8C8 /* Preview Content */,
			);
			path = VisualizerPlayground;
			sourceTree = "<group>";
		};
		4FD1E42E259BFEF30024E8C8 /* Preview Content */ = {
			isa = PBXGroup;
			children = (
				4FD1E42F259BFEF30024E8C8 /* Preview Assets.xcassets */,
			);
			path = "Preview Content";
			sourceTree = "<group>";
		};
/* End PBXGroup section */

/* Begin PBXNativeTarget section */
		4FD1E424259BFEF20024E8C8 /* VisualizerPlayground */ = {
			isa = PBXNativeTarget;
			buildConfigurationList = 4FD1E434259BFEF30024E8C8 /* Build configuration list for PBXNativeTarget "VisualizerPlayground" */;
			buildPhases = (
				4FD1E421259BFEF20024E8C8 /* Sources */,
				4FD1E422259BFEF20024E8C8 /* Frameworks */,
				4FD1E423259BFEF20024E8C8 /* Resources */,
			);
			buildRules = (
			);
			dependencies = (
			);
			name = VisualizerPlayground;
			packageProductDependencies = (
				4FEDB5E625A2394100755BE5 /* AudioKit */,
				4FA1F0C925A26AA300EE1C00 /* AudioKitUI */,
			);
			productName = VisualizerPlayground;
			productReference = 4FD1E425259BFEF20024E8C8 /* VisualizerPlayground.app */;
			productType = "com.apple.product-type.application";
		};
/* End PBXNativeTarget section */

/* Begin PBXProject section */
		4FD1E41D259BFEF20024E8C8 /* Project object */ = {
			isa = PBXProject;
			attributes = {
				LastSwiftUpdateCheck = 1220;
				LastUpgradeCheck = 1220;
				TargetAttributes = {
					4FD1E424259BFEF20024E8C8 = {
						CreatedOnToolsVersion = 12.2;
					};
				};
			};
			buildConfigurationList = 4FD1E420259BFEF20024E8C8 /* Build configuration list for PBXProject "VisualizerPlayground" */;
			compatibilityVersion = "Xcode 9.3";
			developmentRegion = en;
			hasScannedForEncodings = 0;
			knownRegions = (
				en,
				Base,
			);
			mainGroup = 4FD1E41C259BFEF20024E8C8;
			packageReferences = (
				4FEDB5E525A2394100755BE5 /* XCRemoteSwiftPackageReference "AudioKit" */,
				4FA1F0C825A26AA300EE1C00 /* XCRemoteSwiftPackageReference "AudioKitUI" */,
			);
			productRefGroup = 4FD1E426259BFEF20024E8C8 /* Products */;
			projectDirPath = "";
			projectRoot = "";
			targets = (
				4FD1E424259BFEF20024E8C8 /* VisualizerPlayground */,
			);
		};
/* End PBXProject section */

/* Begin PBXResourcesBuildPhase section */
		4FD1E423259BFEF20024E8C8 /* Resources */ = {
			isa = PBXResourcesBuildPhase;
			buildActionMask = 2147483647;
			files = (
				4FD1E430259BFEF30024E8C8 /* Preview Assets.xcassets in Resources */,
				4FD1E42D259BFEF30024E8C8 /* Assets.xcassets in Resources */,
				4F5E03C225AD455C00113186 /* track.mp3 in Resources */,
			);
			runOnlyForDeploymentPostprocessing = 0;
		};
/* End PBXResourcesBuildPhase section */

/* Begin PBXSourcesBuildPhase section */
		4FD1E421259BFEF20024E8C8 /* Sources */ = {
			isa = PBXSourcesBuildPhase;
			buildActionMask = 2147483647;
			files = (
				4FD1E43D259BFF3E0024E8C8 /* myFFTView.swift in Sources */,
				4F98701A25A3C1BF0057E779 /* FFTViewWrapper.swift in Sources */,
				4FD1E42B259BFEF20024E8C8 /* ContentView.swift in Sources */,
				4FEDB5DF25A128F700755BE5 /* SpectrumView.swift in Sources */,
				4FD1E429259BFEF20024E8C8 /* VisualizerPlaygroundApp.swift in Sources */,
				4FD1E440259C03700024E8C8 /* Conductor.swift in Sources */,
			);
			runOnlyForDeploymentPostprocessing = 0;
		};
/* End PBXSourcesBuildPhase section */

/* Begin XCBuildConfiguration section */
		4FD1E432259BFEF30024E8C8 /* Debug */ = {
			isa = XCBuildConfiguration;
			buildSettings = {
				ALWAYS_SEARCH_USER_PATHS = NO;
				CLANG_ANALYZER_NONNULL = YES;
				CLANG_ANALYZER_NUMBER_OBJECT_CONVERSION = YES_AGGRESSIVE;
				CLANG_CXX_LANGUAGE_STANDARD = "gnu++14";
				CLANG_CXX_LIBRARY = "libc++";
				CLANG_ENABLE_MODULES = YES;
				CLANG_ENABLE_OBJC_ARC = YES;
				CLANG_ENABLE_OBJC_WEAK = YES;
				CLANG_WARN_BLOCK_CAPTURE_AUTORELEASING = YES;
				CLANG_WARN_BOOL_CONVERSION = YES;
				CLANG_WARN_COMMA = YES;
				CLANG_WARN_CONSTANT_CONVERSION = YES;
				CLANG_WARN_DEPRECATED_OBJC_IMPLEMENTATIONS = YES;
				CLANG_WARN_DIRECT_OBJC_ISA_USAGE = YES_ERROR;
				CLANG_WARN_DOCUMENTATION_COMMENTS = YES;
				CLANG_WARN_EMPTY_BODY = YES;
				CLANG_WARN_ENUM_CONVERSION = YES;
				CLANG_WARN_INFINITE_RECURSION = YES;
				CLANG_WARN_INT_CONVERSION = YES;
				CLANG_WARN_NON_LITERAL_NULL_CONVERSION = YES;
				CLANG_WARN_OBJC_IMPLICIT_RETAIN_SELF = YES;
				CLANG_WARN_OBJC_LITERAL_CONVERSION = YES;
				CLANG_WARN_OBJC_ROOT_CLASS = YES_ERROR;
				CLANG_WARN_QUOTED_INCLUDE_IN_FRAMEWORK_HEADER = YES;
				CLANG_WARN_RANGE_LOOP_ANALYSIS = YES;
				CLANG_WARN_STRICT_PROTOTYPES = YES;
				CLANG_WARN_SUSPICIOUS_MOVE = YES;
				CLANG_WARN_UNGUARDED_AVAILABILITY = YES_AGGRESSIVE;
				CLANG_WARN_UNREACHABLE_CODE = YES;
				CLANG_WARN__DUPLICATE_METHOD_MATCH = YES;
				COPY_PHASE_STRIP = NO;
				DEBUG_INFORMATION_FORMAT = dwarf;
				ENABLE_STRICT_OBJC_MSGSEND = YES;
				ENABLE_TESTABILITY = YES;
				GCC_C_LANGUAGE_STANDARD = gnu11;
				GCC_DYNAMIC_NO_PIC = NO;
				GCC_NO_COMMON_BLOCKS = YES;
				GCC_OPTIMIZATION_LEVEL = 0;
				GCC_PREPROCESSOR_DEFINITIONS = (
					"DEBUG=1",
					"$(inherited)",
				);
				GCC_WARN_64_TO_32_BIT_CONVERSION = YES;
				GCC_WARN_ABOUT_RETURN_TYPE = YES_ERROR;
				GCC_WARN_UNDECLARED_SELECTOR = YES;
				GCC_WARN_UNINITIALIZED_AUTOS = YES_AGGRESSIVE;
				GCC_WARN_UNUSED_FUNCTION = YES;
				GCC_WARN_UNUSED_VARIABLE = YES;
				IPHONEOS_DEPLOYMENT_TARGET = 14.2;
				MTL_ENABLE_DEBUG_INFO = INCLUDE_SOURCE;
				MTL_FAST_MATH = YES;
				ONLY_ACTIVE_ARCH = YES;
				SDKROOT = iphoneos;
				SWIFT_ACTIVE_COMPILATION_CONDITIONS = DEBUG;
				SWIFT_OPTIMIZATION_LEVEL = "-Onone";
			};
			name = Debug;
		};
		4FD1E433259BFEF30024E8C8 /* Release */ = {
			isa = XCBuildConfiguration;
			buildSettings = {
				ALWAYS_SEARCH_USER_PATHS = NO;
				CLANG_ANALYZER_NONNULL = YES;
				CLANG_ANALYZER_NUMBER_OBJECT_CONVERSION = YES_AGGRESSIVE;
				CLANG_CXX_LANGUAGE_STANDARD = "gnu++14";
				CLANG_CXX_LIBRARY = "libc++";
				CLANG_ENABLE_MODULES = YES;
				CLANG_ENABLE_OBJC_ARC = YES;
				CLANG_ENABLE_OBJC_WEAK = YES;
				CLANG_WARN_BLOCK_CAPTURE_AUTORELEASING = YES;
				CLANG_WARN_BOOL_CONVERSION = YES;
				CLANG_WARN_COMMA = YES;
				CLANG_WARN_CONSTANT_CONVERSION = YES;
				CLANG_WARN_DEPRECATED_OBJC_IMPLEMENTATIONS = YES;
				CLANG_WARN_DIRECT_OBJC_ISA_USAGE = YES_ERROR;
				CLANG_WARN_DOCUMENTATION_COMMENTS = YES;
				CLANG_WARN_EMPTY_BODY = YES;
				CLANG_WARN_ENUM_CONVERSION = YES;
				CLANG_WARN_INFINITE_RECURSION = YES;
				CLANG_WARN_INT_CONVERSION = YES;
				CLANG_WARN_NON_LITERAL_NULL_CONVERSION = YES;
				CLANG_WARN_OBJC_IMPLICIT_RETAIN_SELF = YES;
				CLANG_WARN_OBJC_LITERAL_CONVERSION = YES;
				CLANG_WARN_OBJC_ROOT_CLASS = YES_ERROR;
				CLANG_WARN_QUOTED_INCLUDE_IN_FRAMEWORK_HEADER = YES;
				CLANG_WARN_RANGE_LOOP_ANALYSIS = YES;
				CLANG_WARN_STRICT_PROTOTYPES = YES;
				CLANG_WARN_SUSPICIOUS_MOVE = YES;
				CLANG_WARN_UNGUARDED_AVAILABILITY = YES_AGGRESSIVE;
				CLANG_WARN_UNREACHABLE_CODE = YES;
				CLANG_WARN__DUPLICATE_METHOD_MATCH = YES;
				COPY_PHASE_STRIP = NO;
				DEBUG_INFORMATION_FORMAT = "dwarf-with-dsym";
				ENABLE_NS_ASSERTIONS = NO;
				ENABLE_STRICT_OBJC_MSGSEND = YES;
				GCC_C_LANGUAGE_STANDARD = gnu11;
				GCC_NO_COMMON_BLOCKS = YES;
				GCC_WARN_64_TO_32_BIT_CONVERSION = YES;
				GCC_WARN_ABOUT_RETURN_TYPE = YES_ERROR;
				GCC_WARN_UNDECLARED_SELECTOR = YES;
				GCC_WARN_UNINITIALIZED_AUTOS = YES_AGGRESSIVE;
				GCC_WARN_UNUSED_FUNCTION = YES;
				GCC_WARN_UNUSED_VARIABLE = YES;
				IPHONEOS_DEPLOYMENT_TARGET = 14.2;
				MTL_ENABLE_DEBUG_INFO = NO;
				MTL_FAST_MATH = YES;
				SDKROOT = iphoneos;
				SWIFT_COMPILATION_MODE = wholemodule;
				SWIFT_OPTIMIZATION_LEVEL = "-O";
				VALIDATE_PRODUCT = YES;
			};
			name = Release;
		};
		4FD1E435259BFEF30024E8C8 /* Debug */ = {
			isa = XCBuildConfiguration;
			buildSettings = {
				ASSETCATALOG_COMPILER_APPICON_NAME = AppIcon;
				ASSETCATALOG_COMPILER_GLOBAL_ACCENT_COLOR_NAME = AccentColor;
				CODE_SIGN_STYLE = Automatic;
				DEVELOPMENT_ASSET_PATHS = "\"VisualizerPlayground/Preview Content\"";
				DEVELOPMENT_TEAM = L2FL95P32D;
				ENABLE_PREVIEWS = YES;
				INFOPLIST_FILE = VisualizerPlayground/Info.plist;
				IPHONEOS_DEPLOYMENT_TARGET = 14.0;
				LD_RUNPATH_SEARCH_PATHS = (
					"$(inherited)",
					"@executable_path/Frameworks",
				);
				PRODUCT_BUNDLE_IDENTIFIER = com.MattPfeiffer.VisualizerPlayground;
				PRODUCT_NAME = "$(TARGET_NAME)";
				SWIFT_VERSION = 5.0;
				TARGETED_DEVICE_FAMILY = "1,2";
			};
			name = Debug;
		};
		4FD1E436259BFEF30024E8C8 /* Release */ = {
			isa = XCBuildConfiguration;
			buildSettings = {
				ASSETCATALOG_COMPILER_APPICON_NAME = AppIcon;
				ASSETCATALOG_COMPILER_GLOBAL_ACCENT_COLOR_NAME = AccentColor;
				CODE_SIGN_STYLE = Automatic;
				DEVELOPMENT_ASSET_PATHS = "\"VisualizerPlayground/Preview Content\"";
				DEVELOPMENT_TEAM = L2FL95P32D;
				ENABLE_PREVIEWS = YES;
				INFOPLIST_FILE = VisualizerPlayground/Info.plist;
				IPHONEOS_DEPLOYMENT_TARGET = 14.0;
				LD_RUNPATH_SEARCH_PATHS = (
					"$(inherited)",
					"@executable_path/Frameworks",
				);
				PRODUCT_BUNDLE_IDENTIFIER = com.MattPfeiffer.VisualizerPlayground;
				PRODUCT_NAME = "$(TARGET_NAME)";
				SWIFT_VERSION = 5.0;
				TARGETED_DEVICE_FAMILY = "1,2";
			};
			name = Release;
		};
/* End XCBuildConfiguration section */

/* Begin XCConfigurationList section */
		4FD1E420259BFEF20024E8C8 /* Build configuration list for PBXProject "VisualizerPlayground" */ = {
			isa = XCConfigurationList;
			buildConfigurations = (
				4FD1E432259BFEF30024E8C8 /* Debug */,
				4FD1E433259BFEF30024E8C8 /* Release */,
			);
			defaultConfigurationIsVisible = 0;
			defaultConfigurationName = Release;
		};
		4FD1E434259BFEF30024E8C8 /* Build configuration list for PBXNativeTarget "VisualizerPlayground" */ = {
			isa = XCConfigurationList;
			buildConfigurations = (
				4FD1E435259BFEF30024E8C8 /* Debug */,
				4FD1E436259BFEF30024E8C8 /* Release */,
			);
			defaultConfigurationIsVisible = 0;
			defaultConfigurationName = Release;
		};
/* End XCConfigurationList section */

/* Begin XCRemoteSwiftPackageReference section */
		4FA1F0C825A26AA300EE1C00 /* XCRemoteSwiftPackageReference "AudioKitUI" */ = {
			isa = XCRemoteSwiftPackageReference;
			repositoryURL = "https://github.com/AudioKit/AudioKitUI.git";
			requirement = {
				branch = main;
				kind = branch;
			};
		};
		4FEDB5E525A2394100755BE5 /* XCRemoteSwiftPackageReference "AudioKit" */ = {
			isa = XCRemoteSwiftPackageReference;
			repositoryURL = "https://github.com/AudioKit/AudioKit.git";
			requirement = {
				branch = "v5-develop";
				kind = branch;
			};
		};
/* End XCRemoteSwiftPackageReference section */

/* Begin XCSwiftPackageProductDependency section */
		4FA1F0C925A26AA300EE1C00 /* AudioKitUI */ = {
			isa = XCSwiftPackageProductDependency;
			package = 4FA1F0C825A26AA300EE1C00 /* XCRemoteSwiftPackageReference "AudioKitUI" */;
			productName = AudioKitUI;
		};
		4FEDB5E625A2394100755BE5 /* AudioKit */ = {
			isa = XCSwiftPackageProductDependency;
			package = 4FEDB5E525A2394100755BE5 /* XCRemoteSwiftPackageReference "AudioKit" */;
			productName = AudioKit;
		};
/* End XCSwiftPackageProductDependency section */
	};
	rootObject = 4FD1E41D259BFEF20024E8C8 /* Project object */;
}
